
Microsoft Visual Studio Solution File, Format Version 12.00
# Visual Studio Version 17
VisualStudioVersion = 17.5.2.0
MinimumVisualStudioVersion = 10.0.40219.1
Project("{2150E333-8FDC-42A3-9474-1A3956D46DE8}") = "src", "src", "{827E0CD3-B72D-47B6-A68D-7590B98EB39B}"
EndProject
Project("{FAE04EC0-301F-11D3-BF4B-00C04F79EFBC}") = "DotNetHighPerformanceApi.Api", "src\DotNetHighPerformanceApi.Api\DotNetHighPerformanceApi.Api.csproj", "{1A328342-D0A1-40BA-B307-ED1C1AD2BEE3}"
EndProject
Project("{FAE04EC0-301F-11D3-BF4B-00C04F79EFBC}") = "DotNetHighPerformanceApi.Domain", "src\DotNetHighPerformanceApi.Domain\DotNetHighPerformanceApi.Domain.csproj", "{64D22E52-F3F4-4983-893D-55ACD866573A}"
EndProject
Project("{FAE04EC0-301F-11D3-BF4B-00C04F79EFBC}") = "DotNetHighPerformanceApi.Application", "src\DotNetHighPerformanceApi.Application\DotNetHighPerformanceApi.Application.csproj", "{12BE1E71-B5FE-4BD9-BBF4-4F9B02D5E64F}"
EndProject
Project("{FAE04EC0-301F-11D3-BF4B-00C04F79EFBC}") = "DotNetHighPerformanceApi.Infrastructure", "src\DotNetHighPerformanceApi.Infrastructure\DotNetHighPerformanceApi.Infrastructure.csproj", "{336C3EB9-3635-473E-8146-F9F14DFD249D}"
EndProject
Project("{FAE04EC0-301F-11D3-BF4B-00C04F79EFBC}") = "DotNetHighPerformanceApi.Tests", "src\DotNetHighPerformanceApi.Tests\DotNetHighPerformanceApi.Tests.csproj", "{42E13E55-D95F-4159-92BA-99BACAEEEFAB}"
EndProject
Global
	GlobalSection(SolutionConfigurationPlatforms) = preSolution
		Debug|Any CPU = Debug|Any CPU
		Debug|x64 = Debug|x64
		Debug|x86 = Debug|x86
		Release|Any CPU = Release|Any CPU
		Release|x64 = Release|x64
		Release|x86 = Release|x86
	EndGlobalSection
	GlobalSection(ProjectConfigurationPlatforms) = postSolution
		{1A328342-D0A1-40BA-B307-ED1C1AD2BEE3}.Debug|Any CPU.ActiveCfg = Debug|Any CPU
		{1A328342-D0A1-40BA-B307-ED1C1AD2BEE3}.Debug|Any CPU.Build.0 = Debug|Any CPU
		{1A328342-D0A1-40BA-B307-ED1C1AD2BEE3}.Debug|x64.ActiveCfg = Debug|Any CPU
		{1A328342-D0A1-40BA-B307-ED1C1AD2BEE3}.Debug|x64.Build.0 = Debug|Any CPU
		{1A328342-D0A1-40BA-B307-ED1C1AD2BEE3}.Debug|x86.ActiveCfg = Debug|Any CPU
		{1A328342-D0A1-40BA-B307-ED1C1AD2BEE3}.Debug|x86.Build.0 = Debug|Any CPU
		{1A328342-D0A1-40BA-B307-ED1C1AD2BEE3}.Release|Any CPU.ActiveCfg = Release|Any CPU
		{1A328342-D0A1-40BA-B307-ED1C1AD2BEE3}.Release|Any CPU.Build.0 = Release|Any CPU
		{1A328342-D0A1-40BA-B307-ED1C1AD2BEE3}.Release|x64.ActiveCfg = Release|Any CPU
		{1A328342-D0A1-40BA-B307-ED1C1AD2BEE3}.Release|x64.Build.0 = Release|Any CPU
		{1A328342-D0A1-40BA-B307-ED1C1AD2BEE3}.Release|x86.ActiveCfg = Release|Any CPU
		{1A328342-D0A1-40BA-B307-ED1C1AD2BEE3}.Release|x86.Build.0 = Release|Any CPU
		{64D22E52-F3F4-4983-893D-55ACD866573A}.Debug|Any CPU.ActiveCfg = Debug|Any CPU
		{64D22E52-F3F4-4983-893D-55ACD866573A}.Debug|Any CPU.Build.0 = Debug|Any CPU
		{64D22E52-F3F4-4983-893D-55ACD866573A}.Debug|x64.ActiveCfg = Debug|Any CPU
		{64D22E52-F3F4-4983-893D-55ACD866573A}.Debug|x64.Build.0 = Debug|Any CPU
		{64D22E52-F3F4-4983-893D-55ACD866573A}.Debug|x86.ActiveCfg = Debug|Any CPU
		{64D22E52-F3F4-4983-893D-55ACD866573A}.Debug|x86.Build.0 = Debug|Any CPU
		{64D22E52-F3F4-4983-893D-55ACD866573A}.Release|Any CPU.ActiveCfg = Release|Any CPU
		{64D22E52-F3F4-4983-893D-55ACD866573A}.Release|Any CPU.Build.0 = Release|Any CPU
		{64D22E52-F3F4-4983-893D-55ACD866573A}.Release|x64.ActiveCfg = Release|Any CPU
		{64D22E52-F3F4-4983-893D-55ACD866573A}.Release|x64.Build.0 = Release|Any CPU
		{64D22E52-F3F4-4983-893D-55ACD866573A}.Release|x86.ActiveCfg = Release|Any CPU
		{64D22E52-F3F4-4983-893D-55ACD866573A}.Release|x86.Build.0 = Release|Any CPU
		{12BE1E71-B5FE-4BD9-BBF4-4F9B02D5E64F}.Debug|Any CPU.ActiveCfg = Debug|Any CPU
		{12BE1E71-B5FE-4BD9-BBF4-4F9B02D5E64F}.Debug|Any CPU.Build.0 = Debug|Any CPU
		{12BE1E71-B5FE-4BD9-BBF4-4F9B02D5E64F}.Debug|x64.ActiveCfg = Debug|Any CPU
		{12BE1E71-B5FE-4BD9-BBF4-4F9B02D5E64F}.Debug|x64.Build.0 = Debug|Any CPU
		{12BE1E71-B5FE-4BD9-BBF4-4F9B02D5E64F}.Debug|x86.ActiveCfg = Debug|Any CPU
		{12BE1E71-B5FE-4BD9-BBF4-4F9B02D5E64F}.Debug|x86.Build.0 = Debug|Any CPU
		{12BE1E71-B5FE-4BD9-BBF4-4F9B02D5E64F}.Release|Any CPU.ActiveCfg = Release|Any CPU
		{12BE1E71-B5FE-4BD9-BBF4-4F9B02D5E64F}.Release|Any CPU.Build.0 = Release|Any CPU
		{12BE1E71-B5FE-4BD9-BBF4-4F9B02D5E64F}.Release|x64.ActiveCfg = Release|Any CPU
		{12BE1E71-B5FE-4BD9-BBF4-4F9B02D5E64F}.Release|x64.Build.0 = Release|Any CPU
		{12BE1E71-B5FE-4BD9-BBF4-4F9B02D5E64F}.Release|x86.ActiveCfg = Release|Any CPU
		{12BE1E71-B5FE-4BD9-BBF4-4F9B02D5E64F}.Release|x86.Build.0 = Release|Any CPU
		{336C3EB9-3635-473E-8146-F9F14DFD249D}.Debug|Any CPU.ActiveCfg = Debug|Any CPU
		{336C3EB9-3635-473E-8146-F9F14DFD249D}.Debug|Any CPU.Build.0 = Debug|Any CPU
		{336C3EB9-3635-473E-8146-F9F14DFD249D}.Debug|x64.ActiveCfg = Debug|Any CPU
		{336C3EB9-3635-473E-8146-F9F14DFD249D}.Debug|x64.Build.0 = Debug|Any CPU
		{336C3EB9-3635-473E-8146-F9F14DFD249D}.Debug|x86.ActiveCfg = Debug|Any CPU
		{336C3EB9-3635-473E-8146-F9F14DFD249D}.Debug|x86.Build.0 = Debug|Any CPU
		{336C3EB9-3635-473E-8146-F9F14DFD249D}.Release|Any CPU.ActiveCfg = Release|Any CPU
		{336C3EB9-3635-473E-8146-F9F14DFD249D}.Release|Any CPU.Build.0 = Release|Any CPU
		{336C3EB9-3635-473E-8146-F9F14DFD249D}.Release|x64.ActiveCfg = Release|Any CPU
		{336C3EB9-3635-473E-8146-F9F14DFD249D}.Release|x64.Build.0 = Release|Any CPU
		{336C3EB9-3635-473E-8146-F9F14DFD249D}.Release|x86.ActiveCfg = Release|Any CPU
		{336C3EB9-3635-473E-8146-F9F14DFD249D}.Release|x86.Build.0 = Release|Any CPU
		{42E13E55-D95F-4159-92BA-99BACAEEEFAB}.Debug|Any CPU.ActiveCfg = Debug|Any CPU
		{42E13E55-D95F-4159-92BA-99BACAEEEFAB}.Debug|Any CPU.Build.0 = Debug|Any CPU
		{42E13E55-D95F-4159-92BA-99BACAEEEFAB}.Debug|x64.ActiveCfg = Debug|Any CPU
		{42E13E55-D95F-4159-92BA-99BACAEEEFAB}.Debug|x64.Build.0 = Debug|Any CPU
		{42E13E55-D95F-4159-92BA-99BACAEEEFAB}.Debug|x86.ActiveCfg = Debug|Any CPU
		{42E13E55-D95F-4159-92BA-99BACAEEEFAB}.Debug|x86.Build.0 = Debug|Any CPU
		{42E13E55-D95F-4159-92BA-99BACAEEEFAB}.Release|Any CPU.ActiveCfg = Release|Any CPU
		{42E13E55-D95F-4159-92BA-99BACAEEEFAB}.Release|Any CPU.Build.0 = Release|Any CPU
		{42E13E55-D95F-4159-92BA-99BACAEEEFAB}.Release|x64.ActiveCfg = Release|Any CPU
		{42E13E55-D95F-4159-92BA-99BACAEEEFAB}.Release|x64.Build.0 = Release|Any CPU
		{42E13E55-D95F-4159-92BA-99BACAEEEFAB}.Release|x86.ActiveCfg = Release|Any CPU
		{42E13E55-D95F-4159-92BA-99BACAEEEFAB}.Release|x86.Build.0 = Release|Any CPU
	EndGlobalSection
	GlobalSection(SolutionProperties) = preSolution
		HideSolutionNode = FALSE
	EndGlobalSection
	GlobalSection(NestedProjects) = preSolution
		{1A328342-D0A1-40BA-B307-ED1C1AD2BEE3} = {827E0CD3-B72D-47B6-A68D-7590B98EB39B}
		{64D22E52-F3F4-4983-893D-55ACD866573A} = {827E0CD3-B72D-47B6-A68D-7590B98EB39B}
		{12BE1E71-B5FE-4BD9-BBF4-4F9B02D5E64F} = {827E0CD3-B72D-47B6-A68D-7590B98EB39B}
		{336C3EB9-3635-473E-8146-F9F14DFD249D} = {827E0CD3-B72D-47B6-A68D-7590B98EB39B}
		{42E13E55-D95F-4159-92BA-99BACAEEEFAB} = {827E0CD3-B72D-47B6-A68D-7590B98EB39B}
	EndGlobalSection
	GlobalSection(ExtensibilityGlobals) = postSolution
		SolutionGuid = {BB9FD741-9D54-460E-A12D-2C0BB940F882}
	EndGlobalSection
EndGlobal
